
Microsoft Visual Studio Solution File, Format Version 12.00
# Visual Studio Version 17
VisualStudioVersion = 17.0.32014.148
MinimumVisualStudioVersion = 10.0.40219.1
Project("{FAE04EC0-301F-11D3-BF4B-00C04F79EFBC}") = "APIOrder", "APIOrder\APIOrder.csproj", "{E1190D9C-F0E4-40D3-9E40-E2425832280E}"
EndProject
Global
	GlobalSection(SolutionConfigurationPlatforms) = preSolution
		Debug|Any CPU = Debug|Any CPU
		Release|Any CPU = Release|Any CPU
	EndGlobalSection
	GlobalSection(ProjectConfigurationPlatforms) = postSolution
		{E1190D9C-F0E4-40D3-9E40-E2425832280E}.Debug|Any CPU.ActiveCfg = Debug|Any CPU
		{E1190D9C-F0E4-40D3-9E40-E2425832280E}.Debug|Any CPU.Build.0 = Debug|Any CPU
		{E1190D9C-F0E4-40D3-9E40-E2425832280E}.Release|Any CPU.ActiveCfg = Release|Any CPU
		{E1190D9C-F0E4-40D3-9E40-E2425832280E}.Release|Any CPU.Build.0 = Release|Any CPU
	EndGlobalSection
	GlobalSection(SolutionProperties) = preSolution
		HideSolutionNode = FALSE
	EndGlobalSection
	GlobalSection(ExtensibilityGlobals) = postSolution
		SolutionGuid = {980313DF-7A2F-4ED8-B722-CA49C75B8B9A}
	EndGlobalSection
EndGlobal
